// !$*UTF8*$!
{
	archiveVersion = 1;
	classes = {
	};
	objectVersion = 56;
	objects = {

/* Begin PBXBuildFile section */
		4E002E8929E9B9B000246C5F /* RatingView.swift in Sources */ = {isa = PBXBuildFile; fileRef = 4E002E8829E9B9B000246C5F /* RatingView.swift */; };
		4E002E8D29E9C18600246C5F /* ProductCardView.swift in Sources */ = {isa = PBXBuildFile; fileRef = 4E002E8C29E9C18600246C5F /* ProductCardView.swift */; };
		4E002E8F29E9C25D00246C5F /* ShoppingCartView.swift in Sources */ = {isa = PBXBuildFile; fileRef = 4E002E8E29E9C25D00246C5F /* ShoppingCartView.swift */; };
		4E002E9129E9E8D000246C5F /* Optional+Extensions.swift in Sources */ = {isa = PBXBuildFile; fileRef = 4E002E9029E9E8D000246C5F /* Optional+Extensions.swift */; };
		4E002EB429EA669600246C5F /* PriceInfoView.swift in Sources */ = {isa = PBXBuildFile; fileRef = 4E002EB329EA669600246C5F /* PriceInfoView.swift */; };
		4E002EB829EAFF7C00246C5F /* Spacing.swift in Sources */ = {isa = PBXBuildFile; fileRef = 4E002EB729EAFF7C00246C5F /* Spacing.swift */; };
		4E002EBA29EAFFAF00246C5F /* Image.swift in Sources */ = {isa = PBXBuildFile; fileRef = 4E002EB929EAFFAF00246C5F /* Image.swift */; };
		4E002EBE29EB0DDB00246C5F /* ShoppingCartViewModeling.swift in Sources */ = {isa = PBXBuildFile; fileRef = 4E002EBD29EB0DDB00246C5F /* ShoppingCartViewModeling.swift */; };
		4E002EC029EB0DF900246C5F /* ProductFeedViewModeling.swift in Sources */ = {isa = PBXBuildFile; fileRef = 4E002EBF29EB0DF900246C5F /* ProductFeedViewModeling.swift */; };
		4EDE098629E70A4C00FC03CE /* ShopSavvyApp.swift in Sources */ = {isa = PBXBuildFile; fileRef = 4EDE098529E70A4C00FC03CE /* ShopSavvyApp.swift */; };
		4EDE098A29E70A4C00FC03CE /* Assets.xcassets in Resources */ = {isa = PBXBuildFile; fileRef = 4EDE098929E70A4C00FC03CE /* Assets.xcassets */; };
		4EDE098D29E70A4C00FC03CE /* Preview Assets.xcassets in Resources */ = {isa = PBXBuildFile; fileRef = 4EDE098C29E70A4C00FC03CE /* Preview Assets.xcassets */; };
		4EDE099D29E70B2100FC03CE /* URLPool.swift in Sources */ = {isa = PBXBuildFile; fileRef = 4EDE099C29E70B2100FC03CE /* URLPool.swift */; };
		4EDE099F29E70B2E00FC03CE /* URLRequestPool.swift in Sources */ = {isa = PBXBuildFile; fileRef = 4EDE099E29E70B2E00FC03CE /* URLRequestPool.swift */; };
		4EDE09A129E70B3900FC03CE /* Error.swift in Sources */ = {isa = PBXBuildFile; fileRef = 4EDE09A029E70B3900FC03CE /* Error.swift */; };
		4EDE09A329E70B5900FC03CE /* HTTPClient.swift in Sources */ = {isa = PBXBuildFile; fileRef = 4EDE09A229E70B5900FC03CE /* HTTPClient.swift */; };
		4EDE09A529E70B8700FC03CE /* URLSessionHTTPClient.swift in Sources */ = {isa = PBXBuildFile; fileRef = 4EDE09A429E70B8700FC03CE /* URLSessionHTTPClient.swift */; };
		4EDE09A729E70BB000FC03CE /* ProductService.swift in Sources */ = {isa = PBXBuildFile; fileRef = 4EDE09A629E70BB000FC03CE /* ProductService.swift */; };
		4EDE09AA29E70C4D00FC03CE /* ProductResponse.swift in Sources */ = {isa = PBXBuildFile; fileRef = 4EDE09A929E70C4D00FC03CE /* ProductResponse.swift */; };
		4EDE09B229E710ED00FC03CE /* Data+Extensions.swift in Sources */ = {isa = PBXBuildFile; fileRef = 4EDE09B129E710ED00FC03CE /* Data+Extensions.swift */; };
		4EDE09B429E7110A00FC03CE /* URLRequest+Extensions.swift in Sources */ = {isa = PBXBuildFile; fileRef = 4EDE09B329E7110A00FC03CE /* URLRequest+Extensions.swift */; };
		4EDE09BB29E7119200FC03CE /* ProductFeedViewModel.swift in Sources */ = {isa = PBXBuildFile; fileRef = 4EDE09BA29E7119200FC03CE /* ProductFeedViewModel.swift */; };
		4EDE09BD29E7119F00FC03CE /* ProductFeedView.swift in Sources */ = {isa = PBXBuildFile; fileRef = 4EDE09BC29E7119F00FC03CE /* ProductFeedView.swift */; };
		4EDE09BF29E7140A00FC03CE /* Product.swift in Sources */ = {isa = PBXBuildFile; fileRef = 4EDE09BE29E7140A00FC03CE /* Product.swift */; };
		4EDE09C229E725F000FC03CE /* Kingfisher in Frameworks */ = {isa = PBXBuildFile; productRef = 4EDE09C129E725F000FC03CE /* Kingfisher */; };
		4EDE09C429E7265000FC03CE /* ImageView.swift in Sources */ = {isa = PBXBuildFile; fileRef = 4EDE09C329E7265000FC03CE /* ImageView.swift */; };
/* End PBXBuildFile section */

/* Begin PBXContainerItemProxy section */
		4E002EAE29EA57F400246C5F /* PBXContainerItemProxy */ = {
			isa = PBXContainerItemProxy;
			containerPortal = 4EDE097A29E70A4C00FC03CE /* Project object */;
			proxyType = 1;
			remoteGlobalIDString = 4EDE098129E70A4C00FC03CE;
			remoteInfo = ShopSavvy;
		};
/* End PBXContainerItemProxy section */

/* Begin PBXFileReference section */
		4E002E8829E9B9B000246C5F /* RatingView.swift */ = {isa = PBXFileReference; lastKnownFileType = sourcecode.swift; path = RatingView.swift; sourceTree = "<group>"; };
		4E002E8C29E9C18600246C5F /* ProductCardView.swift */ = {isa = PBXFileReference; lastKnownFileType = sourcecode.swift; path = ProductCardView.swift; sourceTree = "<group>"; };
		4E002E8E29E9C25D00246C5F /* ShoppingCartView.swift */ = {isa = PBXFileReference; lastKnownFileType = sourcecode.swift; path = ShoppingCartView.swift; sourceTree = "<group>"; };
		4E002E9029E9E8D000246C5F /* Optional+Extensions.swift */ = {isa = PBXFileReference; lastKnownFileType = sourcecode.swift; path = "Optional+Extensions.swift"; sourceTree = "<group>"; };
		4E002EAA29EA57F400246C5F /* Tests.xctest */ = {isa = PBXFileReference; explicitFileType = wrapper.cfbundle; includeInIndex = 0; path = Tests.xctest; sourceTree = BUILT_PRODUCTS_DIR; };
		4E002EB329EA669600246C5F /* PriceInfoView.swift */ = {isa = PBXFileReference; lastKnownFileType = sourcecode.swift; path = PriceInfoView.swift; sourceTree = "<group>"; };
		4E002EB729EAFF7C00246C5F /* Spacing.swift */ = {isa = PBXFileReference; lastKnownFileType = sourcecode.swift; path = Spacing.swift; sourceTree = "<group>"; };
		4E002EB929EAFFAF00246C5F /* Image.swift */ = {isa = PBXFileReference; lastKnownFileType = sourcecode.swift; path = Image.swift; sourceTree = "<group>"; };
		4E002EBD29EB0DDB00246C5F /* ShoppingCartViewModeling.swift */ = {isa = PBXFileReference; lastKnownFileType = sourcecode.swift; path = ShoppingCartViewModeling.swift; sourceTree = "<group>"; };
		4E002EBF29EB0DF900246C5F /* ProductFeedViewModeling.swift */ = {isa = PBXFileReference; lastKnownFileType = sourcecode.swift; path = ProductFeedViewModeling.swift; sourceTree = "<group>"; };
		4EDE098229E70A4C00FC03CE /* ShopSavvy.app */ = {isa = PBXFileReference; explicitFileType = wrapper.application; includeInIndex = 0; path = ShopSavvy.app; sourceTree = BUILT_PRODUCTS_DIR; };
		4EDE098529E70A4C00FC03CE /* ShopSavvyApp.swift */ = {isa = PBXFileReference; lastKnownFileType = sourcecode.swift; path = ShopSavvyApp.swift; sourceTree = "<group>"; };
		4EDE098929E70A4C00FC03CE /* Assets.xcassets */ = {isa = PBXFileReference; lastKnownFileType = folder.assetcatalog; path = Assets.xcassets; sourceTree = "<group>"; };
		4EDE098C29E70A4C00FC03CE /* Preview Assets.xcassets */ = {isa = PBXFileReference; lastKnownFileType = folder.assetcatalog; path = "Preview Assets.xcassets"; sourceTree = "<group>"; };
		4EDE099C29E70B2100FC03CE /* URLPool.swift */ = {isa = PBXFileReference; lastKnownFileType = sourcecode.swift; path = URLPool.swift; sourceTree = "<group>"; };
		4EDE099E29E70B2E00FC03CE /* URLRequestPool.swift */ = {isa = PBXFileReference; lastKnownFileType = sourcecode.swift; path = URLRequestPool.swift; sourceTree = "<group>"; };
		4EDE09A029E70B3900FC03CE /* Error.swift */ = {isa = PBXFileReference; lastKnownFileType = sourcecode.swift; path = Error.swift; sourceTree = "<group>"; };
		4EDE09A229E70B5900FC03CE /* HTTPClient.swift */ = {isa = PBXFileReference; lastKnownFileType = sourcecode.swift; path = HTTPClient.swift; sourceTree = "<group>"; };
		4EDE09A429E70B8700FC03CE /* URLSessionHTTPClient.swift */ = {isa = PBXFileReference; lastKnownFileType = sourcecode.swift; path = URLSessionHTTPClient.swift; sourceTree = "<group>"; };
		4EDE09A629E70BB000FC03CE /* ProductService.swift */ = {isa = PBXFileReference; lastKnownFileType = sourcecode.swift; path = ProductService.swift; sourceTree = "<group>"; };
		4EDE09A929E70C4D00FC03CE /* ProductResponse.swift */ = {isa = PBXFileReference; lastKnownFileType = sourcecode.swift; path = ProductResponse.swift; sourceTree = "<group>"; };
		4EDE09B129E710ED00FC03CE /* Data+Extensions.swift */ = {isa = PBXFileReference; lastKnownFileType = sourcecode.swift; path = "Data+Extensions.swift"; sourceTree = "<group>"; };
		4EDE09B329E7110A00FC03CE /* URLRequest+Extensions.swift */ = {isa = PBXFileReference; lastKnownFileType = sourcecode.swift; path = "URLRequest+Extensions.swift"; sourceTree = "<group>"; };
		4EDE09BA29E7119200FC03CE /* ProductFeedViewModel.swift */ = {isa = PBXFileReference; lastKnownFileType = sourcecode.swift; path = ProductFeedViewModel.swift; sourceTree = "<group>"; };
		4EDE09BC29E7119F00FC03CE /* ProductFeedView.swift */ = {isa = PBXFileReference; lastKnownFileType = sourcecode.swift; path = ProductFeedView.swift; sourceTree = "<group>"; };
		4EDE09BE29E7140A00FC03CE /* Product.swift */ = {isa = PBXFileReference; lastKnownFileType = sourcecode.swift; path = Product.swift; sourceTree = "<group>"; };
		4EDE09C329E7265000FC03CE /* ImageView.swift */ = {isa = PBXFileReference; lastKnownFileType = sourcecode.swift; path = ImageView.swift; sourceTree = "<group>"; };
/* End PBXFileReference section */

/* Begin PBXFrameworksBuildPhase section */
		4E002EA729EA57F400246C5F /* Frameworks */ = {
			isa = PBXFrameworksBuildPhase;
			buildActionMask = 2147483647;
			files = (
			);
			runOnlyForDeploymentPostprocessing = 0;
		};
		4EDE097F29E70A4C00FC03CE /* Frameworks */ = {
			isa = PBXFrameworksBuildPhase;
			buildActionMask = 2147483647;
			files = (
				4EDE09C229E725F000FC03CE /* Kingfisher in Frameworks */,
			);
			runOnlyForDeploymentPostprocessing = 0;
		};
/* End PBXFrameworksBuildPhase section */

/* Begin PBXGroup section */
		4E002E9229EA1B8200246C5F /* Shopping Cart */ = {
			isa = PBXGroup;
			children = (
				4E002E9329EA1B8A00246C5F /* View Model */,
				4E002E9429EA1B9200246C5F /* View */,
			);
			path = "Shopping Cart";
			sourceTree = "<group>";
		};
		4E002E9329EA1B8A00246C5F /* View Model */ = {
			isa = PBXGroup;
			children = (
				4E002EBD29EB0DDB00246C5F /* ShoppingCartViewModeling.swift */,
			);
			path = "View Model";
			sourceTree = "<group>";
		};
		4E002E9429EA1B9200246C5F /* View */ = {
			isa = PBXGroup;
			children = (
				4E002E8E29E9C25D00246C5F /* ShoppingCartView.swift */,
			);
			path = View;
			sourceTree = "<group>";
		};
		4E002E9729EA568200246C5F /* Model */ = {
			isa = PBXGroup;
			children = (
				4EDE09BE29E7140A00FC03CE /* Product.swift */,
				4EDE09A929E70C4D00FC03CE /* ProductResponse.swift */,
			);
			path = Model;
			sourceTree = "<group>";
		};
		4E002E9829EA568C00246C5F /* Services */ = {
			isa = PBXGroup;
			children = (
				4EDE09A629E70BB000FC03CE /* ProductService.swift */,
			);
			path = Services;
			sourceTree = "<group>";
		};
		4E002EAB29EA57F400246C5F /* Tests */ = {
			isa = PBXGroup;
			children = (
				4E002EC329EC752A00246C5F /* Services */,
				4E002EC229EC752000246C5F /* Feature */,
				4E002EC129EC750500246C5F /* Utilities */,
				4E002EC429EC753800246C5F /* Mocks */,
			);
			path = Tests;
			sourceTree = "<group>";
		};
		4E002EB529EAE7A500246C5F /* Design System */ = {
			isa = PBXGroup;
			children = (
				4E002EB629EAE7B300246C5F /* Reusable Components */,
				4E002EB729EAFF7C00246C5F /* Spacing.swift */,
				4E002EB929EAFFAF00246C5F /* Image.swift */,
			);
			path = "Design System";
			sourceTree = "<group>";
		};
		4E002EB629EAE7B300246C5F /* Reusable Components */ = {
			isa = PBXGroup;
			children = (
				4E002E8C29E9C18600246C5F /* ProductCardView.swift */,
				4EDE09C329E7265000FC03CE /* ImageView.swift */,
				4E002E8829E9B9B000246C5F /* RatingView.swift */,
				4E002EB329EA669600246C5F /* PriceInfoView.swift */,
			);
			path = "Reusable Components";
			sourceTree = "<group>";
		};
		4E002EC129EC750500246C5F /* Utilities */ = {
			isa = PBXGroup;
			children = (
			);
			path = Utilities;
			sourceTree = "<group>";
		};
		4E002EC229EC752000246C5F /* Feature */ = {
			isa = PBXGroup;
			children = (
			);
			path = Feature;
			sourceTree = "<group>";
		};
		4E002EC329EC752A00246C5F /* Services */ = {
			isa = PBXGroup;
			children = (
			);
			path = Services;
			sourceTree = "<group>";
		};
		4E002EC429EC753800246C5F /* Mocks */ = {
			isa = PBXGroup;
			children = (
			);
			path = Mocks;
			sourceTree = "<group>";
		};
		4EDE097929E70A4C00FC03CE = {
			isa = PBXGroup;
			children = (
				4EDE098429E70A4C00FC03CE /* Sources */,
				4E002EAB29EA57F400246C5F /* Tests */,
				4EDE098329E70A4C00FC03CE /* Products */,
			);
			sourceTree = "<group>";
		};
		4EDE098329E70A4C00FC03CE /* Products */ = {
			isa = PBXGroup;
			children = (
				4EDE098229E70A4C00FC03CE /* ShopSavvy.app */,
				4E002EAA29EA57F400246C5F /* Tests.xctest */,
			);
			name = Products;
			sourceTree = "<group>";
		};
		4EDE098429E70A4C00FC03CE /* Sources */ = {
			isa = PBXGroup;
			children = (
				4EDE099329E70A5C00FC03CE /* Application */,
				4E002EB529EAE7A500246C5F /* Design System */,
				4EDE099729E70A7E00FC03CE /* Feature */,
				4E002E9729EA568200246C5F /* Model */,
				4E002E9829EA568C00246C5F /* Services */,
				4EDE099429E70A6600FC03CE /* Supporting Files */,
				4EDE099529E70A6E00FC03CE /* Utilities */,
			);
			path = Sources;
			sourceTree = "<group>";
		};
		4EDE098B29E70A4C00FC03CE /* Preview Content */ = {
			isa = PBXGroup;
			children = (
				4EDE098C29E70A4C00FC03CE /* Preview Assets.xcassets */,
			);
			path = "Preview Content";
			sourceTree = "<group>";
		};
		4EDE099329E70A5C00FC03CE /* Application */ = {
			isa = PBXGroup;
			children = (
				4EDE098529E70A4C00FC03CE /* ShopSavvyApp.swift */,
			);
			path = Application;
			sourceTree = "<group>";
		};
		4EDE099429E70A6600FC03CE /* Supporting Files */ = {
			isa = PBXGroup;
			children = (
				4EDE098929E70A4C00FC03CE /* Assets.xcassets */,
				4EDE098B29E70A4C00FC03CE /* Preview Content */,
			);
			path = "Supporting Files";
			sourceTree = "<group>";
		};
		4EDE099529E70A6E00FC03CE /* Utilities */ = {
			isa = PBXGroup;
			children = (
				4EDE09B029E710C300FC03CE /* Extensions */,
				4EDE099B29E70B0A00FC03CE /* Networking */,
			);
			path = Utilities;
			sourceTree = "<group>";
		};
		4EDE099729E70A7E00FC03CE /* Feature */ = {
			isa = PBXGroup;
			children = (
				4EDE09B729E7115E00FC03CE /* Product Feed */,
				4E002E9229EA1B8200246C5F /* Shopping Cart */,
			);
			path = Feature;
			sourceTree = "<group>";
		};
		4EDE099B29E70B0A00FC03CE /* Networking */ = {
			isa = PBXGroup;
			children = (
				4EDE09AD29E7105200FC03CE /* Client */,
				4EDE09A029E70B3900FC03CE /* Error.swift */,
				4EDE099C29E70B2100FC03CE /* URLPool.swift */,
				4EDE099E29E70B2E00FC03CE /* URLRequestPool.swift */,
			);
			path = Networking;
			sourceTree = "<group>";
		};
		4EDE09AD29E7105200FC03CE /* Client */ = {
			isa = PBXGroup;
			children = (
				4EDE09A229E70B5900FC03CE /* HTTPClient.swift */,
				4EDE09A429E70B8700FC03CE /* URLSessionHTTPClient.swift */,
			);
			path = Client;
			sourceTree = "<group>";
		};
		4EDE09B029E710C300FC03CE /* Extensions */ = {
			isa = PBXGroup;
			children = (
				4EDE09B129E710ED00FC03CE /* Data+Extensions.swift */,
				4EDE09B329E7110A00FC03CE /* URLRequest+Extensions.swift */,
				4E002E9029E9E8D000246C5F /* Optional+Extensions.swift */,
			);
			path = Extensions;
			sourceTree = "<group>";
		};
		4EDE09B729E7115E00FC03CE /* Product Feed */ = {
			isa = PBXGroup;
			children = (
				4EDE09B829E7117A00FC03CE /* View Model */,
				4EDE09B929E7118100FC03CE /* View */,
			);
			path = "Product Feed";
			sourceTree = "<group>";
		};
		4EDE09B829E7117A00FC03CE /* View Model */ = {
			isa = PBXGroup;
			children = (
				4E002EBF29EB0DF900246C5F /* ProductFeedViewModeling.swift */,
				4EDE09BA29E7119200FC03CE /* ProductFeedViewModel.swift */,
			);
			path = "View Model";
			sourceTree = "<group>";
		};
		4EDE09B929E7118100FC03CE /* View */ = {
			isa = PBXGroup;
			children = (
				4EDE09BC29E7119F00FC03CE /* ProductFeedView.swift */,
			);
			path = View;
			sourceTree = "<group>";
		};
/* End PBXGroup section */

/* Begin PBXNativeTarget section */
		4E002EA929EA57F400246C5F /* Tests */ = {
			isa = PBXNativeTarget;
			buildConfigurationList = 4E002EB029EA57F400246C5F /* Build configuration list for PBXNativeTarget "Tests" */;
			buildPhases = (
				4E002EA629EA57F400246C5F /* Sources */,
				4E002EA729EA57F400246C5F /* Frameworks */,
				4E002EA829EA57F400246C5F /* Resources */,
			);
			buildRules = (
			);
			dependencies = (
				4E002EAF29EA57F400246C5F /* PBXTargetDependency */,
			);
			name = Tests;
			productName = Tests;
			productReference = 4E002EAA29EA57F400246C5F /* Tests.xctest */;
			productType = "com.apple.product-type.bundle.unit-test";
		};
		4EDE098129E70A4C00FC03CE /* ShopSavvy */ = {
			isa = PBXNativeTarget;
			buildConfigurationList = 4EDE099029E70A4C00FC03CE /* Build configuration list for PBXNativeTarget "ShopSavvy" */;
			buildPhases = (
				4EDE097E29E70A4C00FC03CE /* Sources */,
				4EDE097F29E70A4C00FC03CE /* Frameworks */,
				4EDE098029E70A4C00FC03CE /* Resources */,
			);
			buildRules = (
			);
			dependencies = (
			);
			name = ShopSavvy;
			packageProductDependencies = (
				4EDE09C129E725F000FC03CE /* Kingfisher */,
			);
			productName = ShopSavvy;
			productReference = 4EDE098229E70A4C00FC03CE /* ShopSavvy.app */;
			productType = "com.apple.product-type.application";
		};
/* End PBXNativeTarget section */

/* Begin PBXProject section */
		4EDE097A29E70A4C00FC03CE /* Project object */ = {
			isa = PBXProject;
			attributes = {
				BuildIndependentTargetsInParallel = 1;
				LastSwiftUpdateCheck = 1400;
				LastUpgradeCheck = 1400;
				TargetAttributes = {
					4E002EA929EA57F400246C5F = {
						CreatedOnToolsVersion = 14.0;
						TestTargetID = 4EDE098129E70A4C00FC03CE;
					};
					4EDE098129E70A4C00FC03CE = {
						CreatedOnToolsVersion = 14.0;
					};
				};
			};
			buildConfigurationList = 4EDE097D29E70A4C00FC03CE /* Build configuration list for PBXProject "ShopSavvy" */;
			compatibilityVersion = "Xcode 14.0";
			developmentRegion = en;
			hasScannedForEncodings = 0;
			knownRegions = (
				en,
				Base,
			);
			mainGroup = 4EDE097929E70A4C00FC03CE;
			packageReferences = (
				4EDE09C029E725F000FC03CE /* XCRemoteSwiftPackageReference "Kingfisher" */,
			);
			productRefGroup = 4EDE098329E70A4C00FC03CE /* Products */;
			projectDirPath = "";
			projectRoot = "";
			targets = (
				4EDE098129E70A4C00FC03CE /* ShopSavvy */,
				4E002EA929EA57F400246C5F /* Tests */,
			);
		};
/* End PBXProject section */

/* Begin PBXResourcesBuildPhase section */
		4E002EA829EA57F400246C5F /* Resources */ = {
			isa = PBXResourcesBuildPhase;
			buildActionMask = 2147483647;
			files = (
			);
			runOnlyForDeploymentPostprocessing = 0;
		};
		4EDE098029E70A4C00FC03CE /* Resources */ = {
			isa = PBXResourcesBuildPhase;
			buildActionMask = 2147483647;
			files = (
				4EDE098D29E70A4C00FC03CE /* Preview Assets.xcassets in Resources */,
				4EDE098A29E70A4C00FC03CE /* Assets.xcassets in Resources */,
			);
			runOnlyForDeploymentPostprocessing = 0;
		};
/* End PBXResourcesBuildPhase section */

/* Begin PBXSourcesBuildPhase section */
		4E002EA629EA57F400246C5F /* Sources */ = {
			isa = PBXSourcesBuildPhase;
			buildActionMask = 2147483647;
			files = (
			);
			runOnlyForDeploymentPostprocessing = 0;
		};
		4EDE097E29E70A4C00FC03CE /* Sources */ = {
			isa = PBXSourcesBuildPhase;
			buildActionMask = 2147483647;
			files = (
				4EDE09BD29E7119F00FC03CE /* ProductFeedView.swift in Sources */,
				4EDE09A529E70B8700FC03CE /* URLSessionHTTPClient.swift in Sources */,
				4E002EC029EB0DF900246C5F /* ProductFeedViewModeling.swift in Sources */,
				4EDE09A729E70BB000FC03CE /* ProductService.swift in Sources */,
				4E002E8929E9B9B000246C5F /* RatingView.swift in Sources */,
				4E002EB429EA669600246C5F /* PriceInfoView.swift in Sources */,
				4EDE099D29E70B2100FC03CE /* URLPool.swift in Sources */,
				4EDE099F29E70B2E00FC03CE /* URLRequestPool.swift in Sources */,
				4E002EBA29EAFFAF00246C5F /* Image.swift in Sources */,
				4EDE09A329E70B5900FC03CE /* HTTPClient.swift in Sources */,
				4E002EBE29EB0DDB00246C5F /* ShoppingCartViewModeling.swift in Sources */,
				4EDE09AA29E70C4D00FC03CE /* ProductResponse.swift in Sources */,
				4E002E8D29E9C18600246C5F /* ProductCardView.swift in Sources */,
				4EDE09A129E70B3900FC03CE /* Error.swift in Sources */,
				4E002E8F29E9C25D00246C5F /* ShoppingCartView.swift in Sources */,
				4EDE09BB29E7119200FC03CE /* ProductFeedViewModel.swift in Sources */,
				4EDE098629E70A4C00FC03CE /* ShopSavvyApp.swift in Sources */,
				4E002EB829EAFF7C00246C5F /* Spacing.swift in Sources */,
				4E002E9129E9E8D000246C5F /* Optional+Extensions.swift in Sources */,
				4EDE09B229E710ED00FC03CE /* Data+Extensions.swift in Sources */,
				4EDE09B429E7110A00FC03CE /* URLRequest+Extensions.swift in Sources */,
				4EDE09C429E7265000FC03CE /* ImageView.swift in Sources */,
				4EDE09BF29E7140A00FC03CE /* Product.swift in Sources */,
			);
			runOnlyForDeploymentPostprocessing = 0;
		};
/* End PBXSourcesBuildPhase section */

/* Begin PBXTargetDependency section */
		4E002EAF29EA57F400246C5F /* PBXTargetDependency */ = {
			isa = PBXTargetDependency;
			target = 4EDE098129E70A4C00FC03CE /* ShopSavvy */;
			targetProxy = 4E002EAE29EA57F400246C5F /* PBXContainerItemProxy */;
		};
/* End PBXTargetDependency section */

/* Begin XCBuildConfiguration section */
		4E002EB129EA57F400246C5F /* Debug */ = {
			isa = XCBuildConfiguration;
			buildSettings = {
				BUNDLE_LOADER = "$(TEST_HOST)";
				CODE_SIGN_STYLE = Automatic;
				CURRENT_PROJECT_VERSION = 1;
				DEVELOPMENT_TEAM = D8T996G46R;
				GENERATE_INFOPLIST_FILE = YES;
				MARKETING_VERSION = 1.0;
				PRODUCT_BUNDLE_IDENTIFIER = dev.moahmad.Tests;
				PRODUCT_NAME = "$(TARGET_NAME)";
				SWIFT_EMIT_LOC_STRINGS = NO;
				SWIFT_VERSION = 5.0;
				TARGETED_DEVICE_FAMILY = "1,2";
				TEST_HOST = "$(BUILT_PRODUCTS_DIR)/ShopSavvy.app/$(BUNDLE_EXECUTABLE_FOLDER_PATH)/ShopSavvy";
			};
			name = Debug;
		};
		4E002EB229EA57F400246C5F /* Release */ = {
			isa = XCBuildConfiguration;
			buildSettings = {
				BUNDLE_LOADER = "$(TEST_HOST)";
				CODE_SIGN_STYLE = Automatic;
				CURRENT_PROJECT_VERSION = 1;
				DEVELOPMENT_TEAM = D8T996G46R;
				GENERATE_INFOPLIST_FILE = YES;
				MARKETING_VERSION = 1.0;
				PRODUCT_BUNDLE_IDENTIFIER = dev.moahmad.Tests;
				PRODUCT_NAME = "$(TARGET_NAME)";
				SWIFT_EMIT_LOC_STRINGS = NO;
				SWIFT_VERSION = 5.0;
				TARGETED_DEVICE_FAMILY = "1,2";
				TEST_HOST = "$(BUILT_PRODUCTS_DIR)/ShopSavvy.app/$(BUNDLE_EXECUTABLE_FOLDER_PATH)/ShopSavvy";
			};
			name = Release;
		};
		4EDE098E29E70A4C00FC03CE /* Debug */ = {
			isa = XCBuildConfiguration;
			buildSettings = {
				ALWAYS_SEARCH_USER_PATHS = NO;
				CLANG_ANALYZER_NONNULL = YES;
				CLANG_ANALYZER_NUMBER_OBJECT_CONVERSION = YES_AGGRESSIVE;
				CLANG_CXX_LANGUAGE_STANDARD = "gnu++20";
				CLANG_ENABLE_MODULES = YES;
				CLANG_ENABLE_OBJC_ARC = YES;
				CLANG_ENABLE_OBJC_WEAK = YES;
				CLANG_WARN_BLOCK_CAPTURE_AUTORELEASING = YES;
				CLANG_WARN_BOOL_CONVERSION = YES;
				CLANG_WARN_COMMA = YES;
				CLANG_WARN_CONSTANT_CONVERSION = YES;
				CLANG_WARN_DEPRECATED_OBJC_IMPLEMENTATIONS = YES;
				CLANG_WARN_DIRECT_OBJC_ISA_USAGE = YES_ERROR;
				CLANG_WARN_DOCUMENTATION_COMMENTS = YES;
				CLANG_WARN_EMPTY_BODY = YES;
				CLANG_WARN_ENUM_CONVERSION = YES;
				CLANG_WARN_INFINITE_RECURSION = YES;
				CLANG_WARN_INT_CONVERSION = YES;
				CLANG_WARN_NON_LITERAL_NULL_CONVERSION = YES;
				CLANG_WARN_OBJC_IMPLICIT_RETAIN_SELF = YES;
				CLANG_WARN_OBJC_LITERAL_CONVERSION = YES;
				CLANG_WARN_OBJC_ROOT_CLASS = YES_ERROR;
				CLANG_WARN_QUOTED_INCLUDE_IN_FRAMEWORK_HEADER = YES;
				CLANG_WARN_RANGE_LOOP_ANALYSIS = YES;
				CLANG_WARN_STRICT_PROTOTYPES = YES;
				CLANG_WARN_SUSPICIOUS_MOVE = YES;
				CLANG_WARN_UNGUARDED_AVAILABILITY = YES_AGGRESSIVE;
				CLANG_WARN_UNREACHABLE_CODE = YES;
				CLANG_WARN__DUPLICATE_METHOD_MATCH = YES;
				COPY_PHASE_STRIP = NO;
				DEBUG_INFORMATION_FORMAT = dwarf;
				ENABLE_STRICT_OBJC_MSGSEND = YES;
				ENABLE_TESTABILITY = YES;
				GCC_C_LANGUAGE_STANDARD = gnu11;
				GCC_DYNAMIC_NO_PIC = NO;
				GCC_NO_COMMON_BLOCKS = YES;
				GCC_OPTIMIZATION_LEVEL = 0;
				GCC_PREPROCESSOR_DEFINITIONS = (
					"DEBUG=1",
					"$(inherited)",
				);
				GCC_WARN_64_TO_32_BIT_CONVERSION = YES;
				GCC_WARN_ABOUT_RETURN_TYPE = YES_ERROR;
				GCC_WARN_UNDECLARED_SELECTOR = YES;
				GCC_WARN_UNINITIALIZED_AUTOS = YES_AGGRESSIVE;
				GCC_WARN_UNUSED_FUNCTION = YES;
				GCC_WARN_UNUSED_VARIABLE = YES;
				IPHONEOS_DEPLOYMENT_TARGET = 16.0;
				MTL_ENABLE_DEBUG_INFO = INCLUDE_SOURCE;
				MTL_FAST_MATH = YES;
				ONLY_ACTIVE_ARCH = YES;
				SDKROOT = iphoneos;
				SWIFT_ACTIVE_COMPILATION_CONDITIONS = DEBUG;
				SWIFT_OPTIMIZATION_LEVEL = "-Onone";
			};
			name = Debug;
		};
		4EDE098F29E70A4C00FC03CE /* Release */ = {
			isa = XCBuildConfiguration;
			buildSettings = {
				ALWAYS_SEARCH_USER_PATHS = NO;
				CLANG_ANALYZER_NONNULL = YES;
				CLANG_ANALYZER_NUMBER_OBJECT_CONVERSION = YES_AGGRESSIVE;
				CLANG_CXX_LANGUAGE_STANDARD = "gnu++20";
				CLANG_ENABLE_MODULES = YES;
				CLANG_ENABLE_OBJC_ARC = YES;
				CLANG_ENABLE_OBJC_WEAK = YES;
				CLANG_WARN_BLOCK_CAPTURE_AUTORELEASING = YES;
				CLANG_WARN_BOOL_CONVERSION = YES;
				CLANG_WARN_COMMA = YES;
				CLANG_WARN_CONSTANT_CONVERSION = YES;
				CLANG_WARN_DEPRECATED_OBJC_IMPLEMENTATIONS = YES;
				CLANG_WARN_DIRECT_OBJC_ISA_USAGE = YES_ERROR;
				CLANG_WARN_DOCUMENTATION_COMMENTS = YES;
				CLANG_WARN_EMPTY_BODY = YES;
				CLANG_WARN_ENUM_CONVERSION = YES;
				CLANG_WARN_INFINITE_RECURSION = YES;
				CLANG_WARN_INT_CONVERSION = YES;
				CLANG_WARN_NON_LITERAL_NULL_CONVERSION = YES;
				CLANG_WARN_OBJC_IMPLICIT_RETAIN_SELF = YES;
				CLANG_WARN_OBJC_LITERAL_CONVERSION = YES;
				CLANG_WARN_OBJC_ROOT_CLASS = YES_ERROR;
				CLANG_WARN_QUOTED_INCLUDE_IN_FRAMEWORK_HEADER = YES;
				CLANG_WARN_RANGE_LOOP_ANALYSIS = YES;
				CLANG_WARN_STRICT_PROTOTYPES = YES;
				CLANG_WARN_SUSPICIOUS_MOVE = YES;
				CLANG_WARN_UNGUARDED_AVAILABILITY = YES_AGGRESSIVE;
				CLANG_WARN_UNREACHABLE_CODE = YES;
				CLANG_WARN__DUPLICATE_METHOD_MATCH = YES;
				COPY_PHASE_STRIP = NO;
				DEBUG_INFORMATION_FORMAT = "dwarf-with-dsym";
				ENABLE_NS_ASSERTIONS = NO;
				ENABLE_STRICT_OBJC_MSGSEND = YES;
				GCC_C_LANGUAGE_STANDARD = gnu11;
				GCC_NO_COMMON_BLOCKS = YES;
				GCC_WARN_64_TO_32_BIT_CONVERSION = YES;
				GCC_WARN_ABOUT_RETURN_TYPE = YES_ERROR;
				GCC_WARN_UNDECLARED_SELECTOR = YES;
				GCC_WARN_UNINITIALIZED_AUTOS = YES_AGGRESSIVE;
				GCC_WARN_UNUSED_FUNCTION = YES;
				GCC_WARN_UNUSED_VARIABLE = YES;
				IPHONEOS_DEPLOYMENT_TARGET = 16.0;
				MTL_ENABLE_DEBUG_INFO = NO;
				MTL_FAST_MATH = YES;
				SDKROOT = iphoneos;
				SWIFT_COMPILATION_MODE = wholemodule;
				SWIFT_OPTIMIZATION_LEVEL = "-O";
				VALIDATE_PRODUCT = YES;
			};
			name = Release;
		};
		4EDE099129E70A4C00FC03CE /* Debug */ = {
			isa = XCBuildConfiguration;
			buildSettings = {
				ASSETCATALOG_COMPILER_APPICON_NAME = AppIcon;
				ASSETCATALOG_COMPILER_GLOBAL_ACCENT_COLOR_NAME = AccentColor;
				CODE_SIGN_STYLE = Automatic;
				CURRENT_PROJECT_VERSION = 1;
				DEVELOPMENT_ASSET_PATHS = "\"Sources/Supporting Files/Preview Content\"";
				DEVELOPMENT_TEAM = D8T996G46R;
				ENABLE_PREVIEWS = YES;
				GENERATE_INFOPLIST_FILE = YES;
				INFOPLIST_KEY_LSApplicationCategoryType = "public.app-category.shopping";
				INFOPLIST_KEY_UIApplicationSceneManifest_Generation = YES;
				INFOPLIST_KEY_UIApplicationSupportsIndirectInputEvents = YES;
				INFOPLIST_KEY_UILaunchScreen_Generation = YES;
				INFOPLIST_KEY_UISupportedInterfaceOrientations = UIInterfaceOrientationPortrait;
				LD_RUNPATH_SEARCH_PATHS = (
					"$(inherited)",
					"@executable_path/Frameworks",
				);
				MARKETING_VERSION = 1.0;
				PRODUCT_BUNDLE_IDENTIFIER = dev.moahmad.ShopSavvy;
				PRODUCT_NAME = "$(TARGET_NAME)";
				SUPPORTED_PLATFORMS = "iphoneos iphonesimulator";
				SUPPORTS_MACCATALYST = NO;
				SUPPORTS_MAC_DESIGNED_FOR_IPHONE_IPAD = NO;
				SWIFT_EMIT_LOC_STRINGS = YES;
				SWIFT_VERSION = 5.0;
				TARGETED_DEVICE_FAMILY = "1,2";
			};
			name = Debug;
		};
		4EDE099229E70A4C00FC03CE /* Release */ = {
			isa = XCBuildConfiguration;
			buildSettings = {
				ASSETCATALOG_COMPILER_APPICON_NAME = AppIcon;
				ASSETCATALOG_COMPILER_GLOBAL_ACCENT_COLOR_NAME = AccentColor;
				CODE_SIGN_STYLE = Automatic;
				CURRENT_PROJECT_VERSION = 1;
				DEVELOPMENT_ASSET_PATHS = "\"Sources/Supporting Files/Preview Content\"";
				DEVELOPMENT_TEAM = D8T996G46R;
				ENABLE_PREVIEWS = YES;
				GENERATE_INFOPLIST_FILE = YES;
				INFOPLIST_KEY_LSApplicationCategoryType = "public.app-category.shopping";
				INFOPLIST_KEY_UIApplicationSceneManifest_Generation = YES;
				INFOPLIST_KEY_UIApplicationSupportsIndirectInputEvents = YES;
				INFOPLIST_KEY_UILaunchScreen_Generation = YES;
				INFOPLIST_KEY_UISupportedInterfaceOrientations = UIInterfaceOrientationPortrait;
				LD_RUNPATH_SEARCH_PATHS = (
					"$(inherited)",
					"@executable_path/Frameworks",
				);
				MARKETING_VERSION = 1.0;
				PRODUCT_BUNDLE_IDENTIFIER = dev.moahmad.ShopSavvy;
				PRODUCT_NAME = "$(TARGET_NAME)";
				SUPPORTED_PLATFORMS = "iphoneos iphonesimulator";
				SUPPORTS_MACCATALYST = NO;
				SUPPORTS_MAC_DESIGNED_FOR_IPHONE_IPAD = NO;
				SWIFT_EMIT_LOC_STRINGS = YES;
				SWIFT_VERSION = 5.0;
				TARGETED_DEVICE_FAMILY = "1,2";
			};
			name = Release;
		};
/* End XCBuildConfiguration section */

/* Begin XCConfigurationList section */
		4E002EB029EA57F400246C5F /* Build configuration list for PBXNativeTarget "Tests" */ = {
			isa = XCConfigurationList;
			buildConfigurations = (
				4E002EB129EA57F400246C5F /* Debug */,
				4E002EB229EA57F400246C5F /* Release */,
			);
			defaultConfigurationIsVisible = 0;
			defaultConfigurationName = Release;
		};
		4EDE097D29E70A4C00FC03CE /* Build configuration list for PBXProject "ShopSavvy" */ = {
			isa = XCConfigurationList;
			buildConfigurations = (
				4EDE098E29E70A4C00FC03CE /* Debug */,
				4EDE098F29E70A4C00FC03CE /* Release */,
			);
			defaultConfigurationIsVisible = 0;
			defaultConfigurationName = Release;
		};
		4EDE099029E70A4C00FC03CE /* Build configuration list for PBXNativeTarget "ShopSavvy" */ = {
			isa = XCConfigurationList;
			buildConfigurations = (
				4EDE099129E70A4C00FC03CE /* Debug */,
				4EDE099229E70A4C00FC03CE /* Release */,
			);
			defaultConfigurationIsVisible = 0;
			defaultConfigurationName = Release;
		};
/* End XCConfigurationList section */

/* Begin XCRemoteSwiftPackageReference section */
		4EDE09C029E725F000FC03CE /* XCRemoteSwiftPackageReference "Kingfisher" */ = {
			isa = XCRemoteSwiftPackageReference;
			repositoryURL = "https://github.com/onevcat/Kingfisher";
			requirement = {
				kind = exactVersion;
				version = 7.6.2;
			};
		};
/* End XCRemoteSwiftPackageReference section */

/* Begin XCSwiftPackageProductDependency section */
		4EDE09C129E725F000FC03CE /* Kingfisher */ = {
			isa = XCSwiftPackageProductDependency;
			package = 4EDE09C029E725F000FC03CE /* XCRemoteSwiftPackageReference "Kingfisher" */;
			productName = Kingfisher;
		};
/* End XCSwiftPackageProductDependency section */
	};
	rootObject = 4EDE097A29E70A4C00FC03CE /* Project object */;
}
