// !$*UTF8*$!
{
	archiveVersion = 1;
	classes = {
	};
	objectVersion = 56;
	objects = {

/* Begin PBXBuildFile section */
		4E002E8F29E9C25D00246C5F /* ShoppingCartView.swift in Sources */ = {isa = PBXBuildFile; fileRef = 4E002E8E29E9C25D00246C5F /* ShoppingCartView.swift */; };
		4E002EBE29EB0DDB00246C5F /* ShoppingCartViewModeling.swift in Sources */ = {isa = PBXBuildFile; fileRef = 4E002EBD29EB0DDB00246C5F /* ShoppingCartViewModeling.swift */; };
		4E002EC029EB0DF900246C5F /* ProductFeedViewModeling.swift in Sources */ = {isa = PBXBuildFile; fileRef = 4E002EBF29EB0DF900246C5F /* ProductFeedViewModeling.swift */; };
		4E002ECB29ECC10F00246C5F /* HTTPClientSpy.swift in Sources */ = {isa = PBXBuildFile; fileRef = 4E002ECA29ECC10F00246C5F /* HTTPClientSpy.swift */; };
		4E002ECD29ECC14000246C5F /* MockProductService.swift in Sources */ = {isa = PBXBuildFile; fileRef = 4E002ECC29ECC14000246C5F /* MockProductService.swift */; };
		4E002ED929ECC31800246C5F /* XCTestCase+Extensions.swift in Sources */ = {isa = PBXBuildFile; fileRef = 4E002ED829ECC31800246C5F /* XCTestCase+Extensions.swift */; };
		4E002EE229ECC4AB00246C5F /* ProductServiceTests.swift in Sources */ = {isa = PBXBuildFile; fileRef = 4E002EE129ECC4AB00246C5F /* ProductServiceTests.swift */; };
		4E002EE529ECC5E200246C5F /* ProductFeedViewModelTests.swift in Sources */ = {isa = PBXBuildFile; fileRef = 4E002EE429ECC5E200246C5F /* ProductFeedViewModelTests.swift */; };
		4E08159729F844E200FB16A8 /* ProductFeedViewTests.swift in Sources */ = {isa = PBXBuildFile; fileRef = 4E08159629F844E200FB16A8 /* ProductFeedViewTests.swift */; };
		4E0EF7AE29FF3391008D067A /* NetworkKit in Frameworks */ = {isa = PBXBuildFile; productRef = 4E0EF7AD29FF3391008D067A /* NetworkKit */; };
		4E250F2729F82DCA006B60A6 /* SnapshotTesting in Frameworks */ = {isa = PBXBuildFile; productRef = 4E250F2629F82DCA006B60A6 /* SnapshotTesting */; };
		4E250F3329F83C60006B60A6 /* ShoppingCartViewTests.swift in Sources */ = {isa = PBXBuildFile; fileRef = 4E250F3229F83C60006B60A6 /* ShoppingCartViewTests.swift */; };
		4E3672582A0146CB00AF1A8C /* ModelKit in Frameworks */ = {isa = PBXBuildFile; productRef = 4E3672572A0146CB00AF1A8C /* ModelKit */; };
		4E36725A2A01472400AF1A8C /* CoreKit in Frameworks */ = {isa = PBXBuildFile; productRef = 4E3672592A01472400AF1A8C /* CoreKit */; };
		4EA5AB652A027E1800DFFBC7 /* DesignKit in Frameworks */ = {isa = PBXBuildFile; productRef = 4EA5AB642A027E1800DFFBC7 /* DesignKit */; };
		4EAB803C29FFDF7000FF4CD2 /* UITestingNetworkHandler.swift in Sources */ = {isa = PBXBuildFile; fileRef = 4EAB803B29FFDF3500FF4CD2 /* UITestingNetworkHandler.swift */; };
		4EAB803D29FFDF7500FF4CD2 /* UITestingURLProtocol.swift in Sources */ = {isa = PBXBuildFile; fileRef = 4EAB803A29FFDF3500FF4CD2 /* UITestingURLProtocol.swift */; };
		4EADC1C229F42547006B97EF /* ShoppingCartViewModel.swift in Sources */ = {isa = PBXBuildFile; fileRef = 4EADC1C129F42547006B97EF /* ShoppingCartViewModel.swift */; };
		4EADC1C729F4801C006B97EF /* Localizable.strings in Resources */ = {isa = PBXBuildFile; fileRef = 4EADC1C629F4801C006B97EF /* Localizable.strings */; };
		4EB488CA29F8993500096CF7 /* View+Extensions.swift in Sources */ = {isa = PBXBuildFile; fileRef = 4EB488C929F8993500096CF7 /* View+Extensions.swift */; };
		4EB488CF29F8B2F000096CF7 /* AlertText.swift in Sources */ = {isa = PBXBuildFile; fileRef = 4EB488CE29F8B2F000096CF7 /* AlertText.swift */; };
		4EB488D829F992C400096CF7 /* AppUITests.swift in Sources */ = {isa = PBXBuildFile; fileRef = 4EB488D729F992C400096CF7 /* AppUITests.swift */; };
		4EB488E129FC308600096CF7 /* AppLauncher.swift in Sources */ = {isa = PBXBuildFile; fileRef = 4EB488E029FC308600096CF7 /* AppLauncher.swift */; };
		4EB488E529FC345400096CF7 /* MainTabView.swift in Sources */ = {isa = PBXBuildFile; fileRef = 4EB488E429FC345400096CF7 /* MainTabView.swift */; };
		4EB488E729FC349F00096CF7 /* TestRunnable.swift in Sources */ = {isa = PBXBuildFile; fileRef = 4EB488E629FC349F00096CF7 /* TestRunnable.swift */; };
		4EB488E929FC34CC00096CF7 /* TestApp.swift in Sources */ = {isa = PBXBuildFile; fileRef = 4EB488E829FC34CC00096CF7 /* TestApp.swift */; };
		4EB4892229FC536D00096CF7 /* Kingfisher in Frameworks */ = {isa = PBXBuildFile; productRef = 4EB4892129FC536D00096CF7 /* Kingfisher */; };
		4EC723AB2A01695300F208B1 /* UITestCase.swift in Sources */ = {isa = PBXBuildFile; fileRef = 4EC723AA2A01695300F208B1 /* UITestCase.swift */; };
		4EDE098629E70A4C00FC03CE /* ShopSavvyApp.swift in Sources */ = {isa = PBXBuildFile; fileRef = 4EDE098529E70A4C00FC03CE /* ShopSavvyApp.swift */; };
		4EDE098A29E70A4C00FC03CE /* Assets.xcassets in Resources */ = {isa = PBXBuildFile; fileRef = 4EDE098929E70A4C00FC03CE /* Assets.xcassets */; };
		4EDE098D29E70A4C00FC03CE /* Preview Assets.xcassets in Resources */ = {isa = PBXBuildFile; fileRef = 4EDE098C29E70A4C00FC03CE /* Preview Assets.xcassets */; };
		4EDE09A729E70BB000FC03CE /* ProductService.swift in Sources */ = {isa = PBXBuildFile; fileRef = 4EDE09A629E70BB000FC03CE /* ProductService.swift */; };
		4EDE09BB29E7119200FC03CE /* ProductFeedViewModel.swift in Sources */ = {isa = PBXBuildFile; fileRef = 4EDE09BA29E7119200FC03CE /* ProductFeedViewModel.swift */; };
		4EDE09BD29E7119F00FC03CE /* ProductFeedView.swift in Sources */ = {isa = PBXBuildFile; fileRef = 4EDE09BC29E7119F00FC03CE /* ProductFeedView.swift */; };
		4EFAB36829F81E1E0015A165 /* ShoppingCartViewModelTests.swift in Sources */ = {isa = PBXBuildFile; fileRef = 4EFAB36729F81E1E0015A165 /* ShoppingCartViewModelTests.swift */; };
/* End PBXBuildFile section */

/* Begin PBXContainerItemProxy section */
		4E002EAE29EA57F400246C5F /* PBXContainerItemProxy */ = {
			isa = PBXContainerItemProxy;
			containerPortal = 4EDE097A29E70A4C00FC03CE /* Project object */;
			proxyType = 1;
			remoteGlobalIDString = 4EDE098129E70A4C00FC03CE;
			remoteInfo = ShopSavvy;
		};
		4EB488DB29F992C400096CF7 /* PBXContainerItemProxy */ = {
			isa = PBXContainerItemProxy;
			containerPortal = 4EDE097A29E70A4C00FC03CE /* Project object */;
			proxyType = 1;
			remoteGlobalIDString = 4EDE098129E70A4C00FC03CE;
			remoteInfo = ShopSavvy;
		};
/* End PBXContainerItemProxy section */

/* Begin PBXFileReference section */
		4E002E8E29E9C25D00246C5F /* ShoppingCartView.swift */ = {isa = PBXFileReference; lastKnownFileType = sourcecode.swift; path = ShoppingCartView.swift; sourceTree = "<group>"; };
		4E002EAA29EA57F400246C5F /* Tests.xctest */ = {isa = PBXFileReference; explicitFileType = wrapper.cfbundle; includeInIndex = 0; path = Tests.xctest; sourceTree = BUILT_PRODUCTS_DIR; };
		4E002EBD29EB0DDB00246C5F /* ShoppingCartViewModeling.swift */ = {isa = PBXFileReference; lastKnownFileType = sourcecode.swift; path = ShoppingCartViewModeling.swift; sourceTree = "<group>"; };
		4E002EBF29EB0DF900246C5F /* ProductFeedViewModeling.swift */ = {isa = PBXFileReference; lastKnownFileType = sourcecode.swift; path = ProductFeedViewModeling.swift; sourceTree = "<group>"; };
		4E002ECA29ECC10F00246C5F /* HTTPClientSpy.swift */ = {isa = PBXFileReference; lastKnownFileType = sourcecode.swift; path = HTTPClientSpy.swift; sourceTree = "<group>"; };
		4E002ECC29ECC14000246C5F /* MockProductService.swift */ = {isa = PBXFileReference; lastKnownFileType = sourcecode.swift; path = MockProductService.swift; sourceTree = "<group>"; };
		4E002ED829ECC31800246C5F /* XCTestCase+Extensions.swift */ = {isa = PBXFileReference; lastKnownFileType = sourcecode.swift; path = "XCTestCase+Extensions.swift"; sourceTree = "<group>"; };
		4E002EE129ECC4AB00246C5F /* ProductServiceTests.swift */ = {isa = PBXFileReference; lastKnownFileType = sourcecode.swift; path = ProductServiceTests.swift; sourceTree = "<group>"; };
		4E002EE429ECC5E200246C5F /* ProductFeedViewModelTests.swift */ = {isa = PBXFileReference; lastKnownFileType = sourcecode.swift; path = ProductFeedViewModelTests.swift; sourceTree = "<group>"; };
		4E08159629F844E200FB16A8 /* ProductFeedViewTests.swift */ = {isa = PBXFileReference; lastKnownFileType = sourcecode.swift; path = ProductFeedViewTests.swift; sourceTree = "<group>"; };
		4E0EF7A929FE9E10008D067A /* ModelKit */ = {isa = PBXFileReference; lastKnownFileType = wrapper; path = ModelKit; sourceTree = "<group>"; };
		4E0EF7AC29FECE36008D067A /* NetworkKit */ = {isa = PBXFileReference; lastKnownFileType = wrapper; path = NetworkKit; sourceTree = "<group>"; };
		4E250F3229F83C60006B60A6 /* ShoppingCartViewTests.swift */ = {isa = PBXFileReference; lastKnownFileType = sourcecode.swift; path = ShoppingCartViewTests.swift; sourceTree = "<group>"; };
		4E2564EF29FC6432001349EB /* CoreKit */ = {isa = PBXFileReference; lastKnownFileType = wrapper; path = CoreKit; sourceTree = "<group>"; };
		4EA5AB632A027A4700DFFBC7 /* DesignKit */ = {isa = PBXFileReference; lastKnownFileType = wrapper; path = DesignKit; sourceTree = "<group>"; };
		4EAB803A29FFDF3500FF4CD2 /* UITestingURLProtocol.swift */ = {isa = PBXFileReference; lastKnownFileType = sourcecode.swift; path = UITestingURLProtocol.swift; sourceTree = "<group>"; };
		4EAB803B29FFDF3500FF4CD2 /* UITestingNetworkHandler.swift */ = {isa = PBXFileReference; lastKnownFileType = sourcecode.swift; path = UITestingNetworkHandler.swift; sourceTree = "<group>"; };
		4EADC1C129F42547006B97EF /* ShoppingCartViewModel.swift */ = {isa = PBXFileReference; fileEncoding = 4; lastKnownFileType = sourcecode.swift; path = ShoppingCartViewModel.swift; sourceTree = "<group>"; };
		4EADC1C629F4801C006B97EF /* Localizable.strings */ = {isa = PBXFileReference; lastKnownFileType = text.plist.strings; path = Localizable.strings; sourceTree = "<group>"; };
		4EB488C929F8993500096CF7 /* View+Extensions.swift */ = {isa = PBXFileReference; lastKnownFileType = sourcecode.swift; path = "View+Extensions.swift"; sourceTree = "<group>"; };
		4EB488CE29F8B2F000096CF7 /* AlertText.swift */ = {isa = PBXFileReference; lastKnownFileType = sourcecode.swift; path = AlertText.swift; sourceTree = "<group>"; };
		4EB488D529F992C400096CF7 /* UITests.xctest */ = {isa = PBXFileReference; explicitFileType = wrapper.cfbundle; includeInIndex = 0; path = UITests.xctest; sourceTree = BUILT_PRODUCTS_DIR; };
		4EB488D729F992C400096CF7 /* AppUITests.swift */ = {isa = PBXFileReference; lastKnownFileType = sourcecode.swift; path = AppUITests.swift; sourceTree = "<group>"; };
		4EB488E029FC308600096CF7 /* AppLauncher.swift */ = {isa = PBXFileReference; lastKnownFileType = sourcecode.swift; path = AppLauncher.swift; sourceTree = "<group>"; };
		4EB488E429FC345400096CF7 /* MainTabView.swift */ = {isa = PBXFileReference; lastKnownFileType = sourcecode.swift; path = MainTabView.swift; sourceTree = "<group>"; };
		4EB488E629FC349F00096CF7 /* TestRunnable.swift */ = {isa = PBXFileReference; lastKnownFileType = sourcecode.swift; path = TestRunnable.swift; sourceTree = "<group>"; };
		4EB488E829FC34CC00096CF7 /* TestApp.swift */ = {isa = PBXFileReference; lastKnownFileType = sourcecode.swift; path = TestApp.swift; sourceTree = "<group>"; };
		4EC723AA2A01695300F208B1 /* UITestCase.swift */ = {isa = PBXFileReference; lastKnownFileType = sourcecode.swift; path = UITestCase.swift; sourceTree = "<group>"; };
		4EDE098229E70A4C00FC03CE /* ShopSavvy.app */ = {isa = PBXFileReference; explicitFileType = wrapper.application; includeInIndex = 0; path = ShopSavvy.app; sourceTree = BUILT_PRODUCTS_DIR; };
		4EDE098529E70A4C00FC03CE /* ShopSavvyApp.swift */ = {isa = PBXFileReference; lastKnownFileType = sourcecode.swift; path = ShopSavvyApp.swift; sourceTree = "<group>"; };
		4EDE098929E70A4C00FC03CE /* Assets.xcassets */ = {isa = PBXFileReference; lastKnownFileType = folder.assetcatalog; path = Assets.xcassets; sourceTree = "<group>"; };
		4EDE098C29E70A4C00FC03CE /* Preview Assets.xcassets */ = {isa = PBXFileReference; lastKnownFileType = folder.assetcatalog; path = "Preview Assets.xcassets"; sourceTree = "<group>"; };
		4EDE09A629E70BB000FC03CE /* ProductService.swift */ = {isa = PBXFileReference; lastKnownFileType = sourcecode.swift; path = ProductService.swift; sourceTree = "<group>"; };
		4EDE09BA29E7119200FC03CE /* ProductFeedViewModel.swift */ = {isa = PBXFileReference; lastKnownFileType = sourcecode.swift; path = ProductFeedViewModel.swift; sourceTree = "<group>"; };
		4EDE09BC29E7119F00FC03CE /* ProductFeedView.swift */ = {isa = PBXFileReference; lastKnownFileType = sourcecode.swift; path = ProductFeedView.swift; sourceTree = "<group>"; };
		4EFAB36729F81E1E0015A165 /* ShoppingCartViewModelTests.swift */ = {isa = PBXFileReference; lastKnownFileType = sourcecode.swift; path = ShoppingCartViewModelTests.swift; sourceTree = "<group>"; };
/* End PBXFileReference section */

/* Begin PBXFrameworksBuildPhase section */
		4E002EA729EA57F400246C5F /* Frameworks */ = {
			isa = PBXFrameworksBuildPhase;
			buildActionMask = 2147483647;
			files = (
				4E250F2729F82DCA006B60A6 /* SnapshotTesting in Frameworks */,
			);
			runOnlyForDeploymentPostprocessing = 0;
		};
		4EB488D229F992C400096CF7 /* Frameworks */ = {
			isa = PBXFrameworksBuildPhase;
			buildActionMask = 2147483647;
			files = (
			);
			runOnlyForDeploymentPostprocessing = 0;
		};
		4EDE097F29E70A4C00FC03CE /* Frameworks */ = {
			isa = PBXFrameworksBuildPhase;
			buildActionMask = 2147483647;
			files = (
				4E36725A2A01472400AF1A8C /* CoreKit in Frameworks */,
				4E3672582A0146CB00AF1A8C /* ModelKit in Frameworks */,
				4E0EF7AE29FF3391008D067A /* NetworkKit in Frameworks */,
				4EB4892229FC536D00096CF7 /* Kingfisher in Frameworks */,
				4EA5AB652A027E1800DFFBC7 /* DesignKit in Frameworks */,
			);
			runOnlyForDeploymentPostprocessing = 0;
		};
/* End PBXFrameworksBuildPhase section */

/* Begin PBXGroup section */
		4E002E9229EA1B8200246C5F /* Shopping Cart */ = {
			isa = PBXGroup;
			children = (
				4E002E9329EA1B8A00246C5F /* View Model */,
				4E002E9429EA1B9200246C5F /* View */,
			);
			path = "Shopping Cart";
			sourceTree = "<group>";
		};
		4E002E9329EA1B8A00246C5F /* View Model */ = {
			isa = PBXGroup;
			children = (
				4EADC1C129F42547006B97EF /* ShoppingCartViewModel.swift */,
				4E002EBD29EB0DDB00246C5F /* ShoppingCartViewModeling.swift */,
			);
			path = "View Model";
			sourceTree = "<group>";
		};
		4E002E9429EA1B9200246C5F /* View */ = {
			isa = PBXGroup;
			children = (
				4E002E8E29E9C25D00246C5F /* ShoppingCartView.swift */,
			);
			path = View;
			sourceTree = "<group>";
		};
		4E002E9829EA568C00246C5F /* Service */ = {
			isa = PBXGroup;
			children = (
				4EDE09A629E70BB000FC03CE /* ProductService.swift */,
			);
			path = Service;
			sourceTree = "<group>";
		};
		4E002EAB29EA57F400246C5F /* Tests */ = {
			isa = PBXGroup;
			children = (
				4E002EC229EC752000246C5F /* Feature */,
				4E002EC429EC753800246C5F /* Stubs */,
				4E002EC129EC750500246C5F /* Utilities */,
			);
			path = Tests;
			sourceTree = "<group>";
		};
		4E002EC129EC750500246C5F /* Utilities */ = {
			isa = PBXGroup;
			children = (
				4E002ED629ECC2F700246C5F /* Extensions */,
			);
			path = Utilities;
			sourceTree = "<group>";
		};
		4E002EC229EC752000246C5F /* Feature */ = {
			isa = PBXGroup;
			children = (
				4E002EE329ECC5C000246C5F /* Product Feed */,
				4EFAB36529F81DF90015A165 /* Shopping Cart */,
			);
			path = Feature;
			sourceTree = "<group>";
		};
		4E002EC329EC752A00246C5F /* Service */ = {
			isa = PBXGroup;
			children = (
				4E002EE129ECC4AB00246C5F /* ProductServiceTests.swift */,
			);
			path = Service;
			sourceTree = "<group>";
		};
		4E002EC429EC753800246C5F /* Stubs */ = {
			isa = PBXGroup;
			children = (
				4E002ECA29ECC10F00246C5F /* HTTPClientSpy.swift */,
				4E002ECC29ECC14000246C5F /* MockProductService.swift */,
			);
			path = Stubs;
			sourceTree = "<group>";
		};
		4E002ED629ECC2F700246C5F /* Extensions */ = {
			isa = PBXGroup;
			children = (
				4E002ED829ECC31800246C5F /* XCTestCase+Extensions.swift */,
			);
			path = Extensions;
			sourceTree = "<group>";
		};
		4E002EE329ECC5C000246C5F /* Product Feed */ = {
			isa = PBXGroup;
			children = (
				4E002EC329EC752A00246C5F /* Service */,
				4EADC1CA29F5CDD3006B97EF /* View Model */,
				4E08159429F844AD00FB16A8 /* View */,
			);
			path = "Product Feed";
			sourceTree = "<group>";
		};
		4E08159429F844AD00FB16A8 /* View */ = {
			isa = PBXGroup;
			children = (
				4E08159629F844E200FB16A8 /* ProductFeedViewTests.swift */,
			);
			path = View;
			sourceTree = "<group>";
		};
		4E08159529F844BC00FB16A8 /* View */ = {
			isa = PBXGroup;
			children = (
				4E250F3229F83C60006B60A6 /* ShoppingCartViewTests.swift */,
			);
			path = View;
			sourceTree = "<group>";
		};
		4E2564F629FC67B1001349EB /* Frameworks */ = {
			isa = PBXGroup;
			children = (
			);
			name = Frameworks;
			sourceTree = "<group>";
		};
		4E2564F929FC69AA001349EB /* Packages */ = {
			isa = PBXGroup;
			children = (
				4E2564EF29FC6432001349EB /* CoreKit */,
				4E0EF7A929FE9E10008D067A /* ModelKit */,
				4E0EF7AC29FECE36008D067A /* NetworkKit */,
				4EA5AB632A027A4700DFFBC7 /* DesignKit */,
			);
			path = Packages;
			sourceTree = "<group>";
		};
		4EAB803929FFDF3500FF4CD2 /* Testing Helpers */ = {
			isa = PBXGroup;
			children = (
				4EB488E629FC349F00096CF7 /* TestRunnable.swift */,
				4EAB803A29FFDF3500FF4CD2 /* UITestingURLProtocol.swift */,
				4EAB803B29FFDF3500FF4CD2 /* UITestingNetworkHandler.swift */,
			);
			path = "Testing Helpers";
			sourceTree = "<group>";
		};
		4EADC1CA29F5CDD3006B97EF /* View Model */ = {
			isa = PBXGroup;
			children = (
				4E002EE429ECC5E200246C5F /* ProductFeedViewModelTests.swift */,
			);
			path = "View Model";
			sourceTree = "<group>";
		};
		4EB488D029F8B4C000096CF7 /* Helpers */ = {
			isa = PBXGroup;
			children = (
				4EAB803929FFDF3500FF4CD2 /* Testing Helpers */,
				4EB488CE29F8B2F000096CF7 /* AlertText.swift */,
			);
			path = Helpers;
			sourceTree = "<group>";
		};
		4EB488D629F992C400096CF7 /* UITests */ = {
			isa = PBXGroup;
			children = (
				4EC723A92A01694400F208B1 /* Helpers */,
				4EB488D729F992C400096CF7 /* AppUITests.swift */,
			);
			path = UITests;
			sourceTree = "<group>";
		};
		4EC723A92A01694400F208B1 /* Helpers */ = {
			isa = PBXGroup;
			children = (
				4EC723AA2A01695300F208B1 /* UITestCase.swift */,
			);
			path = Helpers;
			sourceTree = "<group>";
		};
		4EDE097929E70A4C00FC03CE = {
			isa = PBXGroup;
			children = (
				4E2564F929FC69AA001349EB /* Packages */,
				4EDE098429E70A4C00FC03CE /* Sources */,
				4E002EAB29EA57F400246C5F /* Tests */,
				4EB488D629F992C400096CF7 /* UITests */,
				4EDE098329E70A4C00FC03CE /* Products */,
				4E2564F629FC67B1001349EB /* Frameworks */,
			);
			sourceTree = "<group>";
		};
		4EDE098329E70A4C00FC03CE /* Products */ = {
			isa = PBXGroup;
			children = (
				4EDE098229E70A4C00FC03CE /* ShopSavvy.app */,
				4E002EAA29EA57F400246C5F /* Tests.xctest */,
				4EB488D529F992C400096CF7 /* UITests.xctest */,
			);
			name = Products;
			sourceTree = "<group>";
		};
		4EDE098429E70A4C00FC03CE /* Sources */ = {
			isa = PBXGroup;
			children = (
				4EDE099329E70A5C00FC03CE /* Application */,
				4EDE099729E70A7E00FC03CE /* Feature */,
				4EDE099429E70A6600FC03CE /* Supporting Files */,
				4EDE099529E70A6E00FC03CE /* Utilities */,
			);
			path = Sources;
			sourceTree = "<group>";
		};
		4EDE098B29E70A4C00FC03CE /* Preview Content */ = {
			isa = PBXGroup;
			children = (
				4EDE098C29E70A4C00FC03CE /* Preview Assets.xcassets */,
			);
			path = "Preview Content";
			sourceTree = "<group>";
		};
		4EDE099329E70A5C00FC03CE /* Application */ = {
			isa = PBXGroup;
			children = (
				4EB488E029FC308600096CF7 /* AppLauncher.swift */,
				4EDE098529E70A4C00FC03CE /* ShopSavvyApp.swift */,
				4EB488E829FC34CC00096CF7 /* TestApp.swift */,
			);
			path = Application;
			sourceTree = "<group>";
		};
		4EDE099429E70A6600FC03CE /* Supporting Files */ = {
			isa = PBXGroup;
			children = (
				4EDE098929E70A4C00FC03CE /* Assets.xcassets */,
				4EDE098B29E70A4C00FC03CE /* Preview Content */,
				4EADC1C629F4801C006B97EF /* Localizable.strings */,
			);
			path = "Supporting Files";
			sourceTree = "<group>";
		};
		4EDE099529E70A6E00FC03CE /* Utilities */ = {
			isa = PBXGroup;
			children = (
				4EDE09B029E710C300FC03CE /* Extensions */,
				4EB488D029F8B4C000096CF7 /* Helpers */,
			);
			path = Utilities;
			sourceTree = "<group>";
		};
		4EDE099729E70A7E00FC03CE /* Feature */ = {
			isa = PBXGroup;
			children = (
				4EB488E429FC345400096CF7 /* MainTabView.swift */,
				4EDE09B729E7115E00FC03CE /* Product Feed */,
				4E002E9229EA1B8200246C5F /* Shopping Cart */,
			);
			path = Feature;
			sourceTree = "<group>";
		};
		4EDE09B029E710C300FC03CE /* Extensions */ = {
			isa = PBXGroup;
			children = (
				4EB488C929F8993500096CF7 /* View+Extensions.swift */,
			);
			path = Extensions;
			sourceTree = "<group>";
		};
		4EDE09B729E7115E00FC03CE /* Product Feed */ = {
			isa = PBXGroup;
			children = (
				4E002E9829EA568C00246C5F /* Service */,
				4EDE09B829E7117A00FC03CE /* View Model */,
				4EDE09B929E7118100FC03CE /* View */,
			);
			path = "Product Feed";
			sourceTree = "<group>";
		};
		4EDE09B829E7117A00FC03CE /* View Model */ = {
			isa = PBXGroup;
			children = (
				4E002EBF29EB0DF900246C5F /* ProductFeedViewModeling.swift */,
				4EDE09BA29E7119200FC03CE /* ProductFeedViewModel.swift */,
			);
			path = "View Model";
			sourceTree = "<group>";
		};
		4EDE09B929E7118100FC03CE /* View */ = {
			isa = PBXGroup;
			children = (
				4EDE09BC29E7119F00FC03CE /* ProductFeedView.swift */,
			);
			path = View;
			sourceTree = "<group>";
		};
		4EFAB36529F81DF90015A165 /* Shopping Cart */ = {
			isa = PBXGroup;
			children = (
				4EFAB36629F81E080015A165 /* View Model */,
				4E08159529F844BC00FB16A8 /* View */,
			);
			path = "Shopping Cart";
			sourceTree = "<group>";
		};
		4EFAB36629F81E080015A165 /* View Model */ = {
			isa = PBXGroup;
			children = (
				4EFAB36729F81E1E0015A165 /* ShoppingCartViewModelTests.swift */,
			);
			path = "View Model";
			sourceTree = "<group>";
		};
/* End PBXGroup section */

/* Begin PBXNativeTarget section */
		4E002EA929EA57F400246C5F /* Tests */ = {
			isa = PBXNativeTarget;
			buildConfigurationList = 4E002EB029EA57F400246C5F /* Build configuration list for PBXNativeTarget "Tests" */;
			buildPhases = (
				4E002EA629EA57F400246C5F /* Sources */,
				4E002EA729EA57F400246C5F /* Frameworks */,
				4E002EA829EA57F400246C5F /* Resources */,
			);
			buildRules = (
			);
			dependencies = (
				4E002EAF29EA57F400246C5F /* PBXTargetDependency */,
			);
			name = Tests;
			packageProductDependencies = (
				4E250F2629F82DCA006B60A6 /* SnapshotTesting */,
			);
			productName = Tests;
			productReference = 4E002EAA29EA57F400246C5F /* Tests.xctest */;
			productType = "com.apple.product-type.bundle.unit-test";
		};
		4EB488D429F992C400096CF7 /* UITests */ = {
			isa = PBXNativeTarget;
			buildConfigurationList = 4EB488DD29F992C400096CF7 /* Build configuration list for PBXNativeTarget "UITests" */;
			buildPhases = (
				4EB488D129F992C400096CF7 /* Sources */,
				4EB488D229F992C400096CF7 /* Frameworks */,
				4EB488D329F992C400096CF7 /* Resources */,
			);
			buildRules = (
			);
			dependencies = (
				4EB488DC29F992C400096CF7 /* PBXTargetDependency */,
			);
			name = UITests;
			productName = UITests;
			productReference = 4EB488D529F992C400096CF7 /* UITests.xctest */;
			productType = "com.apple.product-type.bundle.ui-testing";
		};
		4EDE098129E70A4C00FC03CE /* ShopSavvy */ = {
			isa = PBXNativeTarget;
			buildConfigurationList = 4EDE099029E70A4C00FC03CE /* Build configuration list for PBXNativeTarget "ShopSavvy" */;
			buildPhases = (
				4EDE097E29E70A4C00FC03CE /* Sources */,
				4EDE097F29E70A4C00FC03CE /* Frameworks */,
				4EDE098029E70A4C00FC03CE /* Resources */,
			);
			buildRules = (
			);
			dependencies = (
			);
			name = ShopSavvy;
			packageProductDependencies = (
				4EB4892129FC536D00096CF7 /* Kingfisher */,
				4E0EF7AD29FF3391008D067A /* NetworkKit */,
				4E3672572A0146CB00AF1A8C /* ModelKit */,
				4E3672592A01472400AF1A8C /* CoreKit */,
				4EA5AB642A027E1800DFFBC7 /* DesignKit */,
			);
			productName = ShopSavvy;
			productReference = 4EDE098229E70A4C00FC03CE /* ShopSavvy.app */;
			productType = "com.apple.product-type.application";
		};
/* End PBXNativeTarget section */

/* Begin PBXProject section */
		4EDE097A29E70A4C00FC03CE /* Project object */ = {
			isa = PBXProject;
			attributes = {
				BuildIndependentTargetsInParallel = 1;
				LastSwiftUpdateCheck = 1430;
				LastUpgradeCheck = 1400;
				TargetAttributes = {
					4E002EA929EA57F400246C5F = {
						CreatedOnToolsVersion = 14.0;
						LastSwiftMigration = 1400;
						TestTargetID = 4EDE098129E70A4C00FC03CE;
					};
					4EB488D429F992C400096CF7 = {
						CreatedOnToolsVersion = 14.3;
						TestTargetID = 4EDE098129E70A4C00FC03CE;
					};
					4EDE098129E70A4C00FC03CE = {
						CreatedOnToolsVersion = 14.0;
					};
				};
			};
			buildConfigurationList = 4EDE097D29E70A4C00FC03CE /* Build configuration list for PBXProject "ShopSavvy" */;
			compatibilityVersion = "Xcode 14.0";
			developmentRegion = en;
			hasScannedForEncodings = 0;
			knownRegions = (
				en,
				Base,
			);
			mainGroup = 4EDE097929E70A4C00FC03CE;
			packageReferences = (
				4E250F2529F82DCA006B60A6 /* XCRemoteSwiftPackageReference "swift-snapshot-testing" */,
				4EB4892029FC536D00096CF7 /* XCRemoteSwiftPackageReference "Kingfisher" */,
			);
			productRefGroup = 4EDE098329E70A4C00FC03CE /* Products */;
			projectDirPath = "";
			projectRoot = "";
			targets = (
				4EDE098129E70A4C00FC03CE /* ShopSavvy */,
				4E002EA929EA57F400246C5F /* Tests */,
				4EB488D429F992C400096CF7 /* UITests */,
			);
		};
/* End PBXProject section */

/* Begin PBXResourcesBuildPhase section */
		4E002EA829EA57F400246C5F /* Resources */ = {
			isa = PBXResourcesBuildPhase;
			buildActionMask = 2147483647;
			files = (
			);
			runOnlyForDeploymentPostprocessing = 0;
		};
		4EB488D329F992C400096CF7 /* Resources */ = {
			isa = PBXResourcesBuildPhase;
			buildActionMask = 2147483647;
			files = (
			);
			runOnlyForDeploymentPostprocessing = 0;
		};
		4EDE098029E70A4C00FC03CE /* Resources */ = {
			isa = PBXResourcesBuildPhase;
			buildActionMask = 2147483647;
			files = (
				4EDE098D29E70A4C00FC03CE /* Preview Assets.xcassets in Resources */,
				4EADC1C729F4801C006B97EF /* Localizable.strings in Resources */,
				4EDE098A29E70A4C00FC03CE /* Assets.xcassets in Resources */,
			);
			runOnlyForDeploymentPostprocessing = 0;
		};
/* End PBXResourcesBuildPhase section */

/* Begin PBXSourcesBuildPhase section */
		4E002EA629EA57F400246C5F /* Sources */ = {
			isa = PBXSourcesBuildPhase;
			buildActionMask = 2147483647;
			files = (
				4EFAB36829F81E1E0015A165 /* ShoppingCartViewModelTests.swift in Sources */,
				4E250F3329F83C60006B60A6 /* ShoppingCartViewTests.swift in Sources */,
				4E002EE229ECC4AB00246C5F /* ProductServiceTests.swift in Sources */,
				4E002ECB29ECC10F00246C5F /* HTTPClientSpy.swift in Sources */,
				4E002EE529ECC5E200246C5F /* ProductFeedViewModelTests.swift in Sources */,
				4E002ED929ECC31800246C5F /* XCTestCase+Extensions.swift in Sources */,
				4E002ECD29ECC14000246C5F /* MockProductService.swift in Sources */,
				4E08159729F844E200FB16A8 /* ProductFeedViewTests.swift in Sources */,
			);
			runOnlyForDeploymentPostprocessing = 0;
		};
		4EB488D129F992C400096CF7 /* Sources */ = {
			isa = PBXSourcesBuildPhase;
			buildActionMask = 2147483647;
			files = (
				4EB488D829F992C400096CF7 /* AppUITests.swift in Sources */,
				4EC723AB2A01695300F208B1 /* UITestCase.swift in Sources */,
			);
			runOnlyForDeploymentPostprocessing = 0;
		};
		4EDE097E29E70A4C00FC03CE /* Sources */ = {
			isa = PBXSourcesBuildPhase;
			buildActionMask = 2147483647;
			files = (
				4EAB803C29FFDF7000FF4CD2 /* UITestingNetworkHandler.swift in Sources */,
				4EDE09BD29E7119F00FC03CE /* ProductFeedView.swift in Sources */,
				4EB488CA29F8993500096CF7 /* View+Extensions.swift in Sources */,
				4EB488E729FC349F00096CF7 /* TestRunnable.swift in Sources */,
				4E002EC029EB0DF900246C5F /* ProductFeedViewModeling.swift in Sources */,
				4EB488E529FC345400096CF7 /* MainTabView.swift in Sources */,
				4EDE09A729E70BB000FC03CE /* ProductService.swift in Sources */,
				4E002EBE29EB0DDB00246C5F /* ShoppingCartViewModeling.swift in Sources */,
				4EAB803D29FFDF7500FF4CD2 /* UITestingURLProtocol.swift in Sources */,
				4EB488CF29F8B2F000096CF7 /* AlertText.swift in Sources */,
				4E002E8F29E9C25D00246C5F /* ShoppingCartView.swift in Sources */,
				4EDE09BB29E7119200FC03CE /* ProductFeedViewModel.swift in Sources */,
				4EDE098629E70A4C00FC03CE /* ShopSavvyApp.swift in Sources */,
				4EB488E929FC34CC00096CF7 /* TestApp.swift in Sources */,
				4EB488E129FC308600096CF7 /* AppLauncher.swift in Sources */,
				4EADC1C229F42547006B97EF /* ShoppingCartViewModel.swift in Sources */,
			);
			runOnlyForDeploymentPostprocessing = 0;
		};
/* End PBXSourcesBuildPhase section */

/* Begin PBXTargetDependency section */
		4E002EAF29EA57F400246C5F /* PBXTargetDependency */ = {
			isa = PBXTargetDependency;
			target = 4EDE098129E70A4C00FC03CE /* ShopSavvy */;
			targetProxy = 4E002EAE29EA57F400246C5F /* PBXContainerItemProxy */;
		};
		4EB488DC29F992C400096CF7 /* PBXTargetDependency */ = {
			isa = PBXTargetDependency;
			target = 4EDE098129E70A4C00FC03CE /* ShopSavvy */;
			targetProxy = 4EB488DB29F992C400096CF7 /* PBXContainerItemProxy */;
		};
/* End PBXTargetDependency section */

/* Begin XCBuildConfiguration section */
		4E002EB129EA57F400246C5F /* Debug */ = {
			isa = XCBuildConfiguration;
			buildSettings = {
				BUNDLE_LOADER = "$(TEST_HOST)";
				CLANG_ENABLE_MODULES = YES;
				CODE_SIGN_STYLE = Automatic;
				CURRENT_PROJECT_VERSION = 1;
				DEVELOPMENT_TEAM = D8T996G46R;
				GENERATE_INFOPLIST_FILE = YES;
				LD_RUNPATH_SEARCH_PATHS = (
					"$(inherited)",
					"@executable_path/Frameworks",
					"@loader_path/Frameworks",
				);
				MARKETING_VERSION = 1.0;
				PRODUCT_BUNDLE_IDENTIFIER = dev.moahmad.Tests;
				PRODUCT_NAME = "$(TARGET_NAME)";
				SWIFT_EMIT_LOC_STRINGS = NO;
				SWIFT_OPTIMIZATION_LEVEL = "-Onone";
				SWIFT_VERSION = 5.0;
				TARGETED_DEVICE_FAMILY = "1,2";
				TEST_HOST = "$(BUILT_PRODUCTS_DIR)/ShopSavvy.app/$(BUNDLE_EXECUTABLE_FOLDER_PATH)/ShopSavvy";
			};
			name = Debug;
		};
		4E002EB229EA57F400246C5F /* Release */ = {
			isa = XCBuildConfiguration;
			buildSettings = {
				BUNDLE_LOADER = "$(TEST_HOST)";
				CLANG_ENABLE_MODULES = YES;
				CODE_SIGN_STYLE = Automatic;
				CURRENT_PROJECT_VERSION = 1;
				DEVELOPMENT_TEAM = D8T996G46R;
				GENERATE_INFOPLIST_FILE = YES;
				LD_RUNPATH_SEARCH_PATHS = (
					"$(inherited)",
					"@executable_path/Frameworks",
					"@loader_path/Frameworks",
				);
				MARKETING_VERSION = 1.0;
				PRODUCT_BUNDLE_IDENTIFIER = dev.moahmad.Tests;
				PRODUCT_NAME = "$(TARGET_NAME)";
				SWIFT_EMIT_LOC_STRINGS = NO;
				SWIFT_VERSION = 5.0;
				TARGETED_DEVICE_FAMILY = "1,2";
				TEST_HOST = "$(BUILT_PRODUCTS_DIR)/ShopSavvy.app/$(BUNDLE_EXECUTABLE_FOLDER_PATH)/ShopSavvy";
			};
			name = Release;
		};
		4EB488DE29F992C400096CF7 /* Debug */ = {
			isa = XCBuildConfiguration;
			buildSettings = {
				CODE_SIGN_STYLE = Automatic;
				CURRENT_PROJECT_VERSION = 1;
				DEVELOPMENT_TEAM = D8T996G46R;
				GENERATE_INFOPLIST_FILE = YES;
				IPHONEOS_DEPLOYMENT_TARGET = 16.4;
				MARKETING_VERSION = 1.0;
				PRODUCT_BUNDLE_IDENTIFIER = dev.moahmad.UITests;
				PRODUCT_NAME = "$(TARGET_NAME)";
				SWIFT_EMIT_LOC_STRINGS = NO;
				SWIFT_VERSION = 5.0;
				TARGETED_DEVICE_FAMILY = "1,2";
				TEST_TARGET_NAME = ShopSavvy;
			};
			name = Debug;
		};
		4EB488DF29F992C400096CF7 /* Release */ = {
			isa = XCBuildConfiguration;
			buildSettings = {
				CODE_SIGN_STYLE = Automatic;
				CURRENT_PROJECT_VERSION = 1;
				DEVELOPMENT_TEAM = D8T996G46R;
				GENERATE_INFOPLIST_FILE = YES;
				IPHONEOS_DEPLOYMENT_TARGET = 16.4;
				MARKETING_VERSION = 1.0;
				PRODUCT_BUNDLE_IDENTIFIER = dev.moahmad.UITests;
				PRODUCT_NAME = "$(TARGET_NAME)";
				SWIFT_EMIT_LOC_STRINGS = NO;
				SWIFT_VERSION = 5.0;
				TARGETED_DEVICE_FAMILY = "1,2";
				TEST_TARGET_NAME = ShopSavvy;
			};
			name = Release;
		};
		4EDE098E29E70A4C00FC03CE /* Debug */ = {
			isa = XCBuildConfiguration;
			buildSettings = {
				ALWAYS_SEARCH_USER_PATHS = NO;
				CLANG_ANALYZER_NONNULL = YES;
				CLANG_ANALYZER_NUMBER_OBJECT_CONVERSION = YES_AGGRESSIVE;
				CLANG_CXX_LANGUAGE_STANDARD = "gnu++20";
				CLANG_ENABLE_MODULES = YES;
				CLANG_ENABLE_OBJC_ARC = YES;
				CLANG_ENABLE_OBJC_WEAK = YES;
				CLANG_WARN_BLOCK_CAPTURE_AUTORELEASING = YES;
				CLANG_WARN_BOOL_CONVERSION = YES;
				CLANG_WARN_COMMA = YES;
				CLANG_WARN_CONSTANT_CONVERSION = YES;
				CLANG_WARN_DEPRECATED_OBJC_IMPLEMENTATIONS = YES;
				CLANG_WARN_DIRECT_OBJC_ISA_USAGE = YES_ERROR;
				CLANG_WARN_DOCUMENTATION_COMMENTS = YES;
				CLANG_WARN_EMPTY_BODY = YES;
				CLANG_WARN_ENUM_CONVERSION = YES;
				CLANG_WARN_INFINITE_RECURSION = YES;
				CLANG_WARN_INT_CONVERSION = YES;
				CLANG_WARN_NON_LITERAL_NULL_CONVERSION = YES;
				CLANG_WARN_OBJC_IMPLICIT_RETAIN_SELF = YES;
				CLANG_WARN_OBJC_LITERAL_CONVERSION = YES;
				CLANG_WARN_OBJC_ROOT_CLASS = YES_ERROR;
				CLANG_WARN_QUOTED_INCLUDE_IN_FRAMEWORK_HEADER = YES;
				CLANG_WARN_RANGE_LOOP_ANALYSIS = YES;
				CLANG_WARN_STRICT_PROTOTYPES = YES;
				CLANG_WARN_SUSPICIOUS_MOVE = YES;
				CLANG_WARN_UNGUARDED_AVAILABILITY = YES_AGGRESSIVE;
				CLANG_WARN_UNREACHABLE_CODE = YES;
				CLANG_WARN__DUPLICATE_METHOD_MATCH = YES;
				COPY_PHASE_STRIP = NO;
				DEBUG_INFORMATION_FORMAT = dwarf;
				ENABLE_STRICT_OBJC_MSGSEND = YES;
				ENABLE_TESTABILITY = YES;
				GCC_C_LANGUAGE_STANDARD = gnu11;
				GCC_DYNAMIC_NO_PIC = NO;
				GCC_NO_COMMON_BLOCKS = YES;
				GCC_OPTIMIZATION_LEVEL = 0;
				GCC_PREPROCESSOR_DEFINITIONS = (
					"DEBUG=1",
					"$(inherited)",
				);
				GCC_WARN_64_TO_32_BIT_CONVERSION = YES;
				GCC_WARN_ABOUT_RETURN_TYPE = YES_ERROR;
				GCC_WARN_UNDECLARED_SELECTOR = YES;
				GCC_WARN_UNINITIALIZED_AUTOS = YES_AGGRESSIVE;
				GCC_WARN_UNUSED_FUNCTION = YES;
				GCC_WARN_UNUSED_VARIABLE = YES;
				IPHONEOS_DEPLOYMENT_TARGET = 16.0;
				MTL_ENABLE_DEBUG_INFO = INCLUDE_SOURCE;
				MTL_FAST_MATH = YES;
				ONLY_ACTIVE_ARCH = YES;
				SDKROOT = iphoneos;
				SWIFT_ACTIVE_COMPILATION_CONDITIONS = DEBUG;
				SWIFT_OPTIMIZATION_LEVEL = "-Onone";
			};
			name = Debug;
		};
		4EDE098F29E70A4C00FC03CE /* Release */ = {
			isa = XCBuildConfiguration;
			buildSettings = {
				ALWAYS_SEARCH_USER_PATHS = NO;
				CLANG_ANALYZER_NONNULL = YES;
				CLANG_ANALYZER_NUMBER_OBJECT_CONVERSION = YES_AGGRESSIVE;
				CLANG_CXX_LANGUAGE_STANDARD = "gnu++20";
				CLANG_ENABLE_MODULES = YES;
				CLANG_ENABLE_OBJC_ARC = YES;
				CLANG_ENABLE_OBJC_WEAK = YES;
				CLANG_WARN_BLOCK_CAPTURE_AUTORELEASING = YES;
				CLANG_WARN_BOOL_CONVERSION = YES;
				CLANG_WARN_COMMA = YES;
				CLANG_WARN_CONSTANT_CONVERSION = YES;
				CLANG_WARN_DEPRECATED_OBJC_IMPLEMENTATIONS = YES;
				CLANG_WARN_DIRECT_OBJC_ISA_USAGE = YES_ERROR;
				CLANG_WARN_DOCUMENTATION_COMMENTS = YES;
				CLANG_WARN_EMPTY_BODY = YES;
				CLANG_WARN_ENUM_CONVERSION = YES;
				CLANG_WARN_INFINITE_RECURSION = YES;
				CLANG_WARN_INT_CONVERSION = YES;
				CLANG_WARN_NON_LITERAL_NULL_CONVERSION = YES;
				CLANG_WARN_OBJC_IMPLICIT_RETAIN_SELF = YES;
				CLANG_WARN_OBJC_LITERAL_CONVERSION = YES;
				CLANG_WARN_OBJC_ROOT_CLASS = YES_ERROR;
				CLANG_WARN_QUOTED_INCLUDE_IN_FRAMEWORK_HEADER = YES;
				CLANG_WARN_RANGE_LOOP_ANALYSIS = YES;
				CLANG_WARN_STRICT_PROTOTYPES = YES;
				CLANG_WARN_SUSPICIOUS_MOVE = YES;
				CLANG_WARN_UNGUARDED_AVAILABILITY = YES_AGGRESSIVE;
				CLANG_WARN_UNREACHABLE_CODE = YES;
				CLANG_WARN__DUPLICATE_METHOD_MATCH = YES;
				COPY_PHASE_STRIP = NO;
				DEBUG_INFORMATION_FORMAT = "dwarf-with-dsym";
				ENABLE_NS_ASSERTIONS = NO;
				ENABLE_STRICT_OBJC_MSGSEND = YES;
				GCC_C_LANGUAGE_STANDARD = gnu11;
				GCC_NO_COMMON_BLOCKS = YES;
				GCC_WARN_64_TO_32_BIT_CONVERSION = YES;
				GCC_WARN_ABOUT_RETURN_TYPE = YES_ERROR;
				GCC_WARN_UNDECLARED_SELECTOR = YES;
				GCC_WARN_UNINITIALIZED_AUTOS = YES_AGGRESSIVE;
				GCC_WARN_UNUSED_FUNCTION = YES;
				GCC_WARN_UNUSED_VARIABLE = YES;
				IPHONEOS_DEPLOYMENT_TARGET = 16.0;
				MTL_ENABLE_DEBUG_INFO = NO;
				MTL_FAST_MATH = YES;
				SDKROOT = iphoneos;
				SWIFT_COMPILATION_MODE = wholemodule;
				SWIFT_OPTIMIZATION_LEVEL = "-O";
				VALIDATE_PRODUCT = YES;
			};
			name = Release;
		};
		4EDE099129E70A4C00FC03CE /* Debug */ = {
			isa = XCBuildConfiguration;
			buildSettings = {
				ASSETCATALOG_COMPILER_APPICON_NAME = AppIcon;
				ASSETCATALOG_COMPILER_GLOBAL_ACCENT_COLOR_NAME = AccentColor;
				CODE_SIGN_STYLE = Automatic;
				CURRENT_PROJECT_VERSION = 1;
				DEVELOPMENT_ASSET_PATHS = "\"Sources/Supporting Files/Preview Content\"";
				DEVELOPMENT_TEAM = D8T996G46R;
				ENABLE_PREVIEWS = YES;
				GENERATE_INFOPLIST_FILE = YES;
				INFOPLIST_KEY_LSApplicationCategoryType = "public.app-category.shopping";
				INFOPLIST_KEY_UIApplicationSceneManifest_Generation = YES;
				INFOPLIST_KEY_UIApplicationSupportsIndirectInputEvents = YES;
				INFOPLIST_KEY_UILaunchScreen_Generation = YES;
				INFOPLIST_KEY_UISupportedInterfaceOrientations = "UIInterfaceOrientationLandscapeLeft UIInterfaceOrientationLandscapeRight UIInterfaceOrientationPortrait UIInterfaceOrientationPortraitUpsideDown";
				LD_RUNPATH_SEARCH_PATHS = (
					"$(inherited)",
					"@executable_path/Frameworks",
				);
				MARKETING_VERSION = 1.0;
				PRODUCT_BUNDLE_IDENTIFIER = dev.moahmad.ShopSavvy;
				PRODUCT_NAME = "$(TARGET_NAME)";
				SUPPORTED_PLATFORMS = "iphoneos iphonesimulator";
				SUPPORTS_MACCATALYST = NO;
				SUPPORTS_MAC_DESIGNED_FOR_IPHONE_IPAD = NO;
				SWIFT_EMIT_LOC_STRINGS = YES;
				SWIFT_VERSION = 5.0;
				TARGETED_DEVICE_FAMILY = 1;
			};
			name = Debug;
		};
		4EDE099229E70A4C00FC03CE /* Release */ = {
			isa = XCBuildConfiguration;
			buildSettings = {
				ASSETCATALOG_COMPILER_APPICON_NAME = AppIcon;
				ASSETCATALOG_COMPILER_GLOBAL_ACCENT_COLOR_NAME = AccentColor;
				CODE_SIGN_STYLE = Automatic;
				CURRENT_PROJECT_VERSION = 1;
				DEVELOPMENT_ASSET_PATHS = "\"Sources/Supporting Files/Preview Content\"";
				DEVELOPMENT_TEAM = D8T996G46R;
				ENABLE_PREVIEWS = YES;
				GENERATE_INFOPLIST_FILE = YES;
				INFOPLIST_KEY_LSApplicationCategoryType = "public.app-category.shopping";
				INFOPLIST_KEY_UIApplicationSceneManifest_Generation = YES;
				INFOPLIST_KEY_UIApplicationSupportsIndirectInputEvents = YES;
				INFOPLIST_KEY_UILaunchScreen_Generation = YES;
				INFOPLIST_KEY_UISupportedInterfaceOrientations = "UIInterfaceOrientationLandscapeLeft UIInterfaceOrientationLandscapeRight UIInterfaceOrientationPortrait UIInterfaceOrientationPortraitUpsideDown";
				LD_RUNPATH_SEARCH_PATHS = (
					"$(inherited)",
					"@executable_path/Frameworks",
				);
				MARKETING_VERSION = 1.0;
				PRODUCT_BUNDLE_IDENTIFIER = dev.moahmad.ShopSavvy;
				PRODUCT_NAME = "$(TARGET_NAME)";
				SUPPORTED_PLATFORMS = "iphoneos iphonesimulator";
				SUPPORTS_MACCATALYST = NO;
				SUPPORTS_MAC_DESIGNED_FOR_IPHONE_IPAD = NO;
				SWIFT_EMIT_LOC_STRINGS = YES;
				SWIFT_VERSION = 5.0;
				TARGETED_DEVICE_FAMILY = 1;
			};
			name = Release;
		};
/* End XCBuildConfiguration section */

/* Begin XCConfigurationList section */
		4E002EB029EA57F400246C5F /* Build configuration list for PBXNativeTarget "Tests" */ = {
			isa = XCConfigurationList;
			buildConfigurations = (
				4E002EB129EA57F400246C5F /* Debug */,
				4E002EB229EA57F400246C5F /* Release */,
			);
			defaultConfigurationIsVisible = 0;
			defaultConfigurationName = Release;
		};
		4EB488DD29F992C400096CF7 /* Build configuration list for PBXNativeTarget "UITests" */ = {
			isa = XCConfigurationList;
			buildConfigurations = (
				4EB488DE29F992C400096CF7 /* Debug */,
				4EB488DF29F992C400096CF7 /* Release */,
			);
			defaultConfigurationIsVisible = 0;
			defaultConfigurationName = Release;
		};
		4EDE097D29E70A4C00FC03CE /* Build configuration list for PBXProject "ShopSavvy" */ = {
			isa = XCConfigurationList;
			buildConfigurations = (
				4EDE098E29E70A4C00FC03CE /* Debug */,
				4EDE098F29E70A4C00FC03CE /* Release */,
			);
			defaultConfigurationIsVisible = 0;
			defaultConfigurationName = Release;
		};
		4EDE099029E70A4C00FC03CE /* Build configuration list for PBXNativeTarget "ShopSavvy" */ = {
			isa = XCConfigurationList;
			buildConfigurations = (
				4EDE099129E70A4C00FC03CE /* Debug */,
				4EDE099229E70A4C00FC03CE /* Release */,
			);
			defaultConfigurationIsVisible = 0;
			defaultConfigurationName = Release;
		};
/* End XCConfigurationList section */

/* Begin XCRemoteSwiftPackageReference section */
		4E250F2529F82DCA006B60A6 /* XCRemoteSwiftPackageReference "swift-snapshot-testing" */ = {
			isa = XCRemoteSwiftPackageReference;
			repositoryURL = "https://github.com/pointfreeco/swift-snapshot-testing";
			requirement = {
				kind = exactVersion;
				version = 1.11.0;
			};
		};
		4EB4892029FC536D00096CF7 /* XCRemoteSwiftPackageReference "Kingfisher" */ = {
			isa = XCRemoteSwiftPackageReference;
			repositoryURL = "https://github.com/onevcat/Kingfisher";
			requirement = {
				kind = exactVersion;
				version = 7.6.2;
			};
		};
/* End XCRemoteSwiftPackageReference section */

/* Begin XCSwiftPackageProductDependency section */
		4E0EF7AD29FF3391008D067A /* NetworkKit */ = {
			isa = XCSwiftPackageProductDependency;
			productName = NetworkKit;
		};
		4E250F2629F82DCA006B60A6 /* SnapshotTesting */ = {
			isa = XCSwiftPackageProductDependency;
			package = 4E250F2529F82DCA006B60A6 /* XCRemoteSwiftPackageReference "swift-snapshot-testing" */;
			productName = SnapshotTesting;
		};
		4E3672572A0146CB00AF1A8C /* ModelKit */ = {
			isa = XCSwiftPackageProductDependency;
			productName = ModelKit;
		};
		4E3672592A01472400AF1A8C /* CoreKit */ = {
			isa = XCSwiftPackageProductDependency;
			productName = CoreKit;
		};
		4EA5AB642A027E1800DFFBC7 /* DesignKit */ = {
			isa = XCSwiftPackageProductDependency;
			productName = DesignKit;
		};
		4EB4892129FC536D00096CF7 /* Kingfisher */ = {
			isa = XCSwiftPackageProductDependency;
			package = 4EB4892029FC536D00096CF7 /* XCRemoteSwiftPackageReference "Kingfisher" */;
			productName = Kingfisher;
		};
/* End XCSwiftPackageProductDependency section */
	};
	rootObject = 4EDE097A29E70A4C00FC03CE /* Project object */;
}
